
Microsoft Visual Studio Solution File, Format Version 12.00
# Visual Studio 14
VisualStudioVersion = 14.0.25420.1
MinimumVisualStudioVersion = 10.0.40219.1
Project("{FAE04EC0-301F-11D3-BF4B-00C04F79EFBC}") = "EtlSpeedTests", "EtlSpeedTests\EtlSpeedTests.csproj", "{33FDB08F-2A25-49A8-B394-94BA37C29A8B}"
EndProject
Project("{FAE04EC0-301F-11D3-BF4B-00C04F79EFBC}") = "EfEtl", "EfEtl\EfEtl.csproj", "{5B0A1585-D316-4D2B-89D6-268255E13B06}"
EndProject
Project("{FAE04EC0-301F-11D3-BF4B-00C04F79EFBC}") = "Etl", "Etl\Etl.csproj", "{7DE703E0-6C8C-4839-B90C-667E3FF63640}"
EndProject
Project("{FAE04EC0-301F-11D3-BF4B-00C04F79EFBC}") = "EfEtl.Test", "EfEtl.Test\EfEtl.Test.csproj", "{FAD7B909-3C55-4E7F-B303-C303F9E452E9}"
EndProject
Global
	GlobalSection(SolutionConfigurationPlatforms) = preSolution
		Debug|Any CPU = Debug|Any CPU
		Release|Any CPU = Release|Any CPU
	EndGlobalSection
	GlobalSection(ProjectConfigurationPlatforms) = postSolution
		{33FDB08F-2A25-49A8-B394-94BA37C29A8B}.Debug|Any CPU.ActiveCfg = Debug|Any CPU
		{33FDB08F-2A25-49A8-B394-94BA37C29A8B}.Debug|Any CPU.Build.0 = Debug|Any CPU
		{33FDB08F-2A25-49A8-B394-94BA37C29A8B}.Release|Any CPU.ActiveCfg = Release|Any CPU
		{33FDB08F-2A25-49A8-B394-94BA37C29A8B}.Release|Any CPU.Build.0 = Release|Any CPU
		{5B0A1585-D316-4D2B-89D6-268255E13B06}.Debug|Any CPU.ActiveCfg = Debug|Any CPU
		{5B0A1585-D316-4D2B-89D6-268255E13B06}.Debug|Any CPU.Build.0 = Debug|Any CPU
		{5B0A1585-D316-4D2B-89D6-268255E13B06}.Release|Any CPU.ActiveCfg = Release|Any CPU
		{5B0A1585-D316-4D2B-89D6-268255E13B06}.Release|Any CPU.Build.0 = Release|Any CPU
		{7DE703E0-6C8C-4839-B90C-667E3FF63640}.Debug|Any CPU.ActiveCfg = Debug|Any CPU
		{7DE703E0-6C8C-4839-B90C-667E3FF63640}.Debug|Any CPU.Build.0 = Debug|Any CPU
		{7DE703E0-6C8C-4839-B90C-667E3FF63640}.Release|Any CPU.ActiveCfg = Release|Any CPU
		{7DE703E0-6C8C-4839-B90C-667E3FF63640}.Release|Any CPU.Build.0 = Release|Any CPU
		{FAD7B909-3C55-4E7F-B303-C303F9E452E9}.Debug|Any CPU.ActiveCfg = Debug|Any CPU
		{FAD7B909-3C55-4E7F-B303-C303F9E452E9}.Debug|Any CPU.Build.0 = Debug|Any CPU
		{FAD7B909-3C55-4E7F-B303-C303F9E452E9}.Release|Any CPU.ActiveCfg = Release|Any CPU
		{FAD7B909-3C55-4E7F-B303-C303F9E452E9}.Release|Any CPU.Build.0 = Release|Any CPU
	EndGlobalSection
	GlobalSection(SolutionProperties) = preSolution
		HideSolutionNode = FALSE
	EndGlobalSection
EndGlobal
